github.com/caltechlibrary/bibtex v0.0.6-0.20180828175021-ca44da07ce7b h1:bRdsA8FMatox75klzxEigW9pgyMLeqz+qqUjnKt5n8k=
github.com/caltechlibrary/bibtex v0.0.6-0.20180828175021-ca44da07ce7b/go.mod h1:hnIWUT6c+wfIWrV1UKPHU7pBLQii1ml8c5l36bc7Zb0=
github.com/caltechlibrary/bibtex v0.0.8 h1:lrnuAVJqEMaSNLE9jPJ5qDWugZcisWfqjZYK43mn1Lg=
github.com/caltechlibrary/bibtex v0.0.8/go.mod h1:hnIWUT6c+wfIWrV1UKPHU7pBLQii1ml8c5l36bc7Zb0=
